// !$*UTF8*$!
{
	archiveVersion = 1;
	classes = {
	};
	objectVersion = 46;
	objects = {

/* Begin PBXBuildFile section */
		3F58DED71454AEE8006EC4F0 /* UIKit.framework in Frameworks */ = {isa = PBXBuildFile; fileRef = 3F58DED61454AEE8006EC4F0 /* UIKit.framework */; };
		3F58DED91454AEE8006EC4F0 /* Foundation.framework in Frameworks */ = {isa = PBXBuildFile; fileRef = 3F58DED81454AEE8006EC4F0 /* Foundation.framework */; };
		3F58DEDB1454AEE8006EC4F0 /* CoreGraphics.framework in Frameworks */ = {isa = PBXBuildFile; fileRef = 3F58DEDA1454AEE8006EC4F0 /* CoreGraphics.framework */; };
		3F58DEE11454AEE9006EC4F0 /* InfoPlist.strings in Resources */ = {isa = PBXBuildFile; fileRef = 3F58DEDF1454AEE9006EC4F0 /* InfoPlist.strings */; };
		3F58DEE41454AEE9006EC4F0 /* main.m in Sources */ = {isa = PBXBuildFile; fileRef = 3F58DEE31454AEE9006EC4F0 /* main.m */; };
		3F58DEE71454AEE9006EC4F0 /* SwapItAppDelegate.m in Sources */ = {isa = PBXBuildFile; fileRef = 3F58DEE61454AEE9006EC4F0 /* SwapItAppDelegate.m */; };
		3F58DEEA1454AEE9006EC4F0 /* MainWindow.xib in Resources */ = {isa = PBXBuildFile; fileRef = 3F58DEE81454AEE9006EC4F0 /* MainWindow.xib */; };
		3F58DEF11454AEE9006EC4F0 /* UIKit.framework in Frameworks */ = {isa = PBXBuildFile; fileRef = 3F58DED61454AEE8006EC4F0 /* UIKit.framework */; };
		3F58DEF21454AEE9006EC4F0 /* Foundation.framework in Frameworks */ = {isa = PBXBuildFile; fileRef = 3F58DED81454AEE8006EC4F0 /* Foundation.framework */; };
		3F58DEF31454AEE9006EC4F0 /* CoreGraphics.framework in Frameworks */ = {isa = PBXBuildFile; fileRef = 3F58DEDA1454AEE8006EC4F0 /* CoreGraphics.framework */; };
		3F58DEFB1454AEE9006EC4F0 /* InfoPlist.strings in Resources */ = {isa = PBXBuildFile; fileRef = 3F58DEF91454AEE9006EC4F0 /* InfoPlist.strings */; };
		3F58DEFE1454AEE9006EC4F0 /* SwapItTests.h in Resources */ = {isa = PBXBuildFile; fileRef = 3F58DEFD1454AEE9006EC4F0 /* SwapItTests.h */; };
		3F58DF001454AEE9006EC4F0 /* SwapItTests.m in Sources */ = {isa = PBXBuildFile; fileRef = 3F58DEFF1454AEE9006EC4F0 /* SwapItTests.m */; };
		3F58DF0C1454AF08006EC4F0 /* SplashViewController.m in Sources */ = {isa = PBXBuildFile; fileRef = 3F58DF0A1454AF08006EC4F0 /* SplashViewController.m */; };
		3F58DF0D1454AF08006EC4F0 /* SplashViewController.xib in Resources */ = {isa = PBXBuildFile; fileRef = 3F58DF0B1454AF08006EC4F0 /* SplashViewController.xib */; };
		3F58DF111454B133006EC4F0 /* MenuViewController.m in Sources */ = {isa = PBXBuildFile; fileRef = 3F58DF0F1454B132006EC4F0 /* MenuViewController.m */; };
		3F58DF121454B133006EC4F0 /* MenuViewController.xib in Resources */ = {isa = PBXBuildFile; fileRef = 3F58DF101454B133006EC4F0 /* MenuViewController.xib */; };
		3F58DF161454B6F2006EC4F0 /* SettingsViewController.m in Sources */ = {isa = PBXBuildFile; fileRef = 3F58DF141454B6F1006EC4F0 /* SettingsViewController.m */; };
		3F58DF171454B6F2006EC4F0 /* SettingsViewController.xib in Resources */ = {isa = PBXBuildFile; fileRef = 3F58DF151454B6F1006EC4F0 /* SettingsViewController.xib */; };
		3F58DF1B1454C4B5006EC4F0 /* InstructionsViewController.m in Sources */ = {isa = PBXBuildFile; fileRef = 3F58DF191454C4B4006EC4F0 /* InstructionsViewController.m */; };
		3F58DF1C1454C4B5006EC4F0 /* InstructionsViewController.xib in Resources */ = {isa = PBXBuildFile; fileRef = 3F58DF1A1454C4B4006EC4F0 /* InstructionsViewController.xib */; };
		3F58DF201454C5C3006EC4F0 /* HighScoresViewController.m in Sources */ = {isa = PBXBuildFile; fileRef = 3F58DF1E1454C5C3006EC4F0 /* HighScoresViewController.m */; };
		3F58DF211454C5C3006EC4F0 /* HighScoresViewController.xib in Resources */ = {isa = PBXBuildFile; fileRef = 3F58DF1F1454C5C3006EC4F0 /* HighScoresViewController.xib */; };
		3F58DF251454C744006EC4F0 /* AboutViewController.m in Sources */ = {isa = PBXBuildFile; fileRef = 3F58DF231454C743006EC4F0 /* AboutViewController.m */; };
		3F58DF261454C744006EC4F0 /* AboutViewController.xib in Resources */ = {isa = PBXBuildFile; fileRef = 3F58DF241454C743006EC4F0 /* AboutViewController.xib */; };
		3F58DF2A1454C961006EC4F0 /* NewGameController.m in Sources */ = {isa = PBXBuildFile; fileRef = 3F58DF281454C95F006EC4F0 /* NewGameController.m */; };
		3F58DF2B1454C961006EC4F0 /* NewGameController.xib in Resources */ = {isa = PBXBuildFile; fileRef = 3F58DF291454C960006EC4F0 /* NewGameController.xib */; };
		3F58DF2F1454DDA7006EC4F0 /* GamePlayController.m in Sources */ = {isa = PBXBuildFile; fileRef = 3F58DF2D1454DDA6006EC4F0 /* GamePlayController.m */; };
		3F58DF301454DDA7006EC4F0 /* GamePlayController.xib in Resources */ = {isa = PBXBuildFile; fileRef = 3F58DF2E1454DDA7006EC4F0 /* GamePlayController.xib */; };
		3F58DF321454DE39006EC4F0 /* test.jpg in Resources */ = {isa = PBXBuildFile; fileRef = 3F58DF311454DE39006EC4F0 /* test.jpg */; };
		3F58DF471454EE59006EC4F0 /* InGameView.m in Sources */ = {isa = PBXBuildFile; fileRef = 3F58DF461454EE58006EC4F0 /* InGameView.m */; };
/* End PBXBuildFile section */

/* Begin PBXContainerItemProxy section */
		3F58DEF41454AEE9006EC4F0 /* PBXContainerItemProxy */ = {
			isa = PBXContainerItemProxy;
			containerPortal = 3F58DEC91454AEE8006EC4F0 /* Project object */;
			proxyType = 1;
			remoteGlobalIDString = 3F58DED11454AEE8006EC4F0;
			remoteInfo = SwapIt;
		};
/* End PBXContainerItemProxy section */

/* Begin PBXFileReference section */
		3F58DED21454AEE8006EC4F0 /* SwapIt.app */ = {isa = PBXFileReference; explicitFileType = wrapper.application; includeInIndex = 0; path = SwapIt.app; sourceTree = BUILT_PRODUCTS_DIR; };
		3F58DED61454AEE8006EC4F0 /* UIKit.framework */ = {isa = PBXFileReference; lastKnownFileType = wrapper.framework; name = UIKit.framework; path = System/Library/Frameworks/UIKit.framework; sourceTree = SDKROOT; };
		3F58DED81454AEE8006EC4F0 /* Foundation.framework */ = {isa = PBXFileReference; lastKnownFileType = wrapper.framework; name = Foundation.framework; path = System/Library/Frameworks/Foundation.framework; sourceTree = SDKROOT; };
		3F58DEDA1454AEE8006EC4F0 /* CoreGraphics.framework */ = {isa = PBXFileReference; lastKnownFileType = wrapper.framework; name = CoreGraphics.framework; path = System/Library/Frameworks/CoreGraphics.framework; sourceTree = SDKROOT; };
		3F58DEDE1454AEE8006EC4F0 /* SwapIt-Info.plist */ = {isa = PBXFileReference; lastKnownFileType = text.plist.xml; path = "SwapIt-Info.plist"; sourceTree = "<group>"; };
		3F58DEE01454AEE9006EC4F0 /* en */ = {isa = PBXFileReference; lastKnownFileType = text.plist.strings; name = en; path = en.lproj/InfoPlist.strings; sourceTree = "<group>"; };
		3F58DEE21454AEE9006EC4F0 /* SwapIt-Prefix.pch */ = {isa = PBXFileReference; lastKnownFileType = sourcecode.c.h; path = "SwapIt-Prefix.pch"; sourceTree = "<group>"; };
		3F58DEE31454AEE9006EC4F0 /* main.m */ = {isa = PBXFileReference; lastKnownFileType = sourcecode.c.objc; path = main.m; sourceTree = "<group>"; };
		3F58DEE51454AEE9006EC4F0 /* SwapItAppDelegate.h */ = {isa = PBXFileReference; lastKnownFileType = sourcecode.c.h; path = SwapItAppDelegate.h; sourceTree = "<group>"; };
		3F58DEE61454AEE9006EC4F0 /* SwapItAppDelegate.m */ = {isa = PBXFileReference; lastKnownFileType = sourcecode.c.objc; path = SwapItAppDelegate.m; sourceTree = "<group>"; };
		3F58DEE91454AEE9006EC4F0 /* en */ = {isa = PBXFileReference; lastKnownFileType = file.xib; name = en; path = en.lproj/MainWindow.xib; sourceTree = "<group>"; };
		3F58DEF01454AEE9006EC4F0 /* SwapItTests.octest */ = {isa = PBXFileReference; explicitFileType = wrapper.cfbundle; includeInIndex = 0; path = SwapItTests.octest; sourceTree = BUILT_PRODUCTS_DIR; };
		3F58DEF81454AEE9006EC4F0 /* SwapItTests-Info.plist */ = {isa = PBXFileReference; lastKnownFileType = text.plist.xml; path = "SwapItTests-Info.plist"; sourceTree = "<group>"; };
		3F58DEFA1454AEE9006EC4F0 /* en */ = {isa = PBXFileReference; lastKnownFileType = text.plist.strings; name = en; path = en.lproj/InfoPlist.strings; sourceTree = "<group>"; };
		3F58DEFC1454AEE9006EC4F0 /* SwapItTests-Prefix.pch */ = {isa = PBXFileReference; lastKnownFileType = sourcecode.c.h; path = "SwapItTests-Prefix.pch"; sourceTree = "<group>"; };
		3F58DEFD1454AEE9006EC4F0 /* SwapItTests.h */ = {isa = PBXFileReference; lastKnownFileType = sourcecode.c.h; path = SwapItTests.h; sourceTree = "<group>"; };
		3F58DEFF1454AEE9006EC4F0 /* SwapItTests.m */ = {isa = PBXFileReference; lastKnownFileType = sourcecode.c.objc; path = SwapItTests.m; sourceTree = "<group>"; };
		3F58DF091454AF08006EC4F0 /* SplashViewController.h */ = {isa = PBXFileReference; fileEncoding = 4; lastKnownFileType = sourcecode.c.h; path = SplashViewController.h; sourceTree = "<group>"; };
		3F58DF0A1454AF08006EC4F0 /* SplashViewController.m */ = {isa = PBXFileReference; fileEncoding = 4; lastKnownFileType = sourcecode.c.objc; path = SplashViewController.m; sourceTree = "<group>"; };
		3F58DF0B1454AF08006EC4F0 /* SplashViewController.xib */ = {isa = PBXFileReference; fileEncoding = 4; lastKnownFileType = file.xib; path = SplashViewController.xib; sourceTree = "<group>"; };
		3F58DF0E1454B132006EC4F0 /* MenuViewController.h */ = {isa = PBXFileReference; fileEncoding = 4; lastKnownFileType = sourcecode.c.h; path = MenuViewController.h; sourceTree = "<group>"; };
		3F58DF0F1454B132006EC4F0 /* MenuViewController.m */ = {isa = PBXFileReference; fileEncoding = 4; lastKnownFileType = sourcecode.c.objc; path = MenuViewController.m; sourceTree = "<group>"; };
		3F58DF101454B133006EC4F0 /* MenuViewController.xib */ = {isa = PBXFileReference; fileEncoding = 4; lastKnownFileType = file.xib; path = MenuViewController.xib; sourceTree = "<group>"; };
		3F58DF131454B6F1006EC4F0 /* SettingsViewController.h */ = {isa = PBXFileReference; fileEncoding = 4; lastKnownFileType = sourcecode.c.h; path = SettingsViewController.h; sourceTree = "<group>"; };
		3F58DF141454B6F1006EC4F0 /* SettingsViewController.m */ = {isa = PBXFileReference; fileEncoding = 4; lastKnownFileType = sourcecode.c.objc; path = SettingsViewController.m; sourceTree = "<group>"; };
		3F58DF151454B6F1006EC4F0 /* SettingsViewController.xib */ = {isa = PBXFileReference; fileEncoding = 4; lastKnownFileType = file.xib; path = SettingsViewController.xib; sourceTree = "<group>"; };
		3F58DF181454C4B4006EC4F0 /* InstructionsViewController.h */ = {isa = PBXFileReference; fileEncoding = 4; lastKnownFileType = sourcecode.c.h; path = InstructionsViewController.h; sourceTree = "<group>"; };
		3F58DF191454C4B4006EC4F0 /* InstructionsViewController.m */ = {isa = PBXFileReference; fileEncoding = 4; lastKnownFileType = sourcecode.c.objc; path = InstructionsViewController.m; sourceTree = "<group>"; };
		3F58DF1A1454C4B4006EC4F0 /* InstructionsViewController.xib */ = {isa = PBXFileReference; fileEncoding = 4; lastKnownFileType = file.xib; path = InstructionsViewController.xib; sourceTree = "<group>"; };
		3F58DF1D1454C5C3006EC4F0 /* HighScoresViewController.h */ = {isa = PBXFileReference; fileEncoding = 4; lastKnownFileType = sourcecode.c.h; path = HighScoresViewController.h; sourceTree = "<group>"; };
		3F58DF1E1454C5C3006EC4F0 /* HighScoresViewController.m */ = {isa = PBXFileReference; fileEncoding = 4; lastKnownFileType = sourcecode.c.objc; path = HighScoresViewController.m; sourceTree = "<group>"; };
		3F58DF1F1454C5C3006EC4F0 /* HighScoresViewController.xib */ = {isa = PBXFileReference; fileEncoding = 4; lastKnownFileType = file.xib; path = HighScoresViewController.xib; sourceTree = "<group>"; };
		3F58DF221454C742006EC4F0 /* AboutViewController.h */ = {isa = PBXFileReference; fileEncoding = 4; lastKnownFileType = sourcecode.c.h; path = AboutViewController.h; sourceTree = "<group>"; };
		3F58DF231454C743006EC4F0 /* AboutViewController.m */ = {isa = PBXFileReference; fileEncoding = 4; lastKnownFileType = sourcecode.c.objc; path = AboutViewController.m; sourceTree = "<group>"; };
		3F58DF241454C743006EC4F0 /* AboutViewController.xib */ = {isa = PBXFileReference; fileEncoding = 4; lastKnownFileType = file.xib; path = AboutViewController.xib; sourceTree = "<group>"; };
		3F58DF271454C95F006EC4F0 /* NewGameController.h */ = {isa = PBXFileReference; fileEncoding = 4; lastKnownFileType = sourcecode.c.h; path = NewGameController.h; sourceTree = "<group>"; };
		3F58DF281454C95F006EC4F0 /* NewGameController.m */ = {isa = PBXFileReference; fileEncoding = 4; lastKnownFileType = sourcecode.c.objc; path = NewGameController.m; sourceTree = "<group>"; };
		3F58DF291454C960006EC4F0 /* NewGameController.xib */ = {isa = PBXFileReference; fileEncoding = 4; lastKnownFileType = file.xib; path = NewGameController.xib; sourceTree = "<group>"; };
		3F58DF2C1454DDA5006EC4F0 /* GamePlayController.h */ = {isa = PBXFileReference; fileEncoding = 4; lastKnownFileType = sourcecode.c.h; path = GamePlayController.h; sourceTree = "<group>"; };
		3F58DF2D1454DDA6006EC4F0 /* GamePlayController.m */ = {isa = PBXFileReference; fileEncoding = 4; lastKnownFileType = sourcecode.c.objc; path = GamePlayController.m; sourceTree = "<group>"; };
		3F58DF2E1454DDA7006EC4F0 /* GamePlayController.xib */ = {isa = PBXFileReference; fileEncoding = 4; lastKnownFileType = file.xib; path = GamePlayController.xib; sourceTree = "<group>"; };
		3F58DF311454DE39006EC4F0 /* test.jpg */ = {isa = PBXFileReference; lastKnownFileType = image.jpeg; path = test.jpg; sourceTree = "<group>"; };
		3F58DF451454EE57006EC4F0 /* InGameView.h */ = {isa = PBXFileReference; fileEncoding = 4; lastKnownFileType = sourcecode.c.h; path = InGameView.h; sourceTree = "<group>"; };
		3F58DF461454EE58006EC4F0 /* InGameView.m */ = {isa = PBXFileReference; fileEncoding = 4; lastKnownFileType = sourcecode.c.objc; path = InGameView.m; sourceTree = "<group>"; };
/* End PBXFileReference section */

/* Begin PBXFrameworksBuildPhase section */
		3F58DECF1454AEE8006EC4F0 /* Frameworks */ = {
			isa = PBXFrameworksBuildPhase;
			buildActionMask = 2147483647;
			files = (
				3F58DED71454AEE8006EC4F0 /* UIKit.framework in Frameworks */,
				3F58DED91454AEE8006EC4F0 /* Foundation.framework in Frameworks */,
				3F58DEDB1454AEE8006EC4F0 /* CoreGraphics.framework in Frameworks */,
			);
			runOnlyForDeploymentPostprocessing = 0;
		};
		3F58DEEC1454AEE9006EC4F0 /* Frameworks */ = {
			isa = PBXFrameworksBuildPhase;
			buildActionMask = 2147483647;
			files = (
				3F58DEF11454AEE9006EC4F0 /* UIKit.framework in Frameworks */,
				3F58DEF21454AEE9006EC4F0 /* Foundation.framework in Frameworks */,
				3F58DEF31454AEE9006EC4F0 /* CoreGraphics.framework in Frameworks */,
			);
			runOnlyForDeploymentPostprocessing = 0;
		};
/* End PBXFrameworksBuildPhase section */

/* Begin PBXGroup section */
		3F58DEC71454AEE8006EC4F0 = {
			isa = PBXGroup;
			children = (
				3F58DEDC1454AEE8006EC4F0 /* SwapIt */,
				3F58DEF61454AEE9006EC4F0 /* SwapItTests */,
				3F58DED51454AEE8006EC4F0 /* Frameworks */,
				3F58DED31454AEE8006EC4F0 /* Products */,
			);
			sourceTree = "<group>";
		};
		3F58DED31454AEE8006EC4F0 /* Products */ = {
			isa = PBXGroup;
			children = (
				3F58DED21454AEE8006EC4F0 /* SwapIt.app */,
				3F58DEF01454AEE9006EC4F0 /* SwapItTests.octest */,
			);
			name = Products;
			sourceTree = "<group>";
		};
		3F58DED51454AEE8006EC4F0 /* Frameworks */ = {
			isa = PBXGroup;
			children = (
				3F58DED61454AEE8006EC4F0 /* UIKit.framework */,
				3F58DED81454AEE8006EC4F0 /* Foundation.framework */,
				3F58DEDA1454AEE8006EC4F0 /* CoreGraphics.framework */,
			);
			name = Frameworks;
			sourceTree = "<group>";
		};
		3F58DEDC1454AEE8006EC4F0 /* SwapIt */ = {
			isa = PBXGroup;
			children = (
				3F58DF311454DE39006EC4F0 /* test.jpg */,
				3F58DEE51454AEE9006EC4F0 /* SwapItAppDelegate.h */,
				3F58DEE61454AEE9006EC4F0 /* SwapItAppDelegate.m */,
				3F58DEE81454AEE9006EC4F0 /* MainWindow.xib */,
				3F58DEDD1454AEE8006EC4F0 /* Supporting Files */,
				3F58DF091454AF08006EC4F0 /* SplashViewController.h */,
				3F58DF0A1454AF08006EC4F0 /* SplashViewController.m */,
				3F58DF0B1454AF08006EC4F0 /* SplashViewController.xib */,
				3F58DF0E1454B132006EC4F0 /* MenuViewController.h */,
				3F58DF0F1454B132006EC4F0 /* MenuViewController.m */,
				3F58DF101454B133006EC4F0 /* MenuViewController.xib */,
				3F58DF131454B6F1006EC4F0 /* SettingsViewController.h */,
				3F58DF141454B6F1006EC4F0 /* SettingsViewController.m */,
				3F58DF151454B6F1006EC4F0 /* SettingsViewController.xib */,
				3F58DF181454C4B4006EC4F0 /* InstructionsViewController.h */,
				3F58DF191454C4B4006EC4F0 /* InstructionsViewController.m */,
				3F58DF1A1454C4B4006EC4F0 /* InstructionsViewController.xib */,
				3F58DF1D1454C5C3006EC4F0 /* HighScoresViewController.h */,
				3F58DF1E1454C5C3006EC4F0 /* HighScoresViewController.m */,
				3F58DF1F1454C5C3006EC4F0 /* HighScoresViewController.xib */,
				3F58DF221454C742006EC4F0 /* AboutViewController.h */,
				3F58DF231454C743006EC4F0 /* AboutViewController.m */,
				3F58DF241454C743006EC4F0 /* AboutViewController.xib */,
				3F58DF271454C95F006EC4F0 /* NewGameController.h */,
				3F58DF281454C95F006EC4F0 /* NewGameController.m */,
				3F58DF291454C960006EC4F0 /* NewGameController.xib */,
				3F58DF2C1454DDA5006EC4F0 /* GamePlayController.h */,
				3F58DF2D1454DDA6006EC4F0 /* GamePlayController.m */,
				3F58DF2E1454DDA7006EC4F0 /* GamePlayController.xib */,
				3F58DF451454EE57006EC4F0 /* InGameView.h */,
				3F58DF461454EE58006EC4F0 /* InGameView.m */,
			);
			path = SwapIt;
			sourceTree = "<group>";
		};
		3F58DEDD1454AEE8006EC4F0 /* Supporting Files */ = {
			isa = PBXGroup;
			children = (
				3F58DEDE1454AEE8006EC4F0 /* SwapIt-Info.plist */,
				3F58DEDF1454AEE9006EC4F0 /* InfoPlist.strings */,
				3F58DEE21454AEE9006EC4F0 /* SwapIt-Prefix.pch */,
				3F58DEE31454AEE9006EC4F0 /* main.m */,
			);
			name = "Supporting Files";
			sourceTree = "<group>";
		};
		3F58DEF61454AEE9006EC4F0 /* SwapItTests */ = {
			isa = PBXGroup;
			children = (
				3F58DEFD1454AEE9006EC4F0 /* SwapItTests.h */,
				3F58DEFF1454AEE9006EC4F0 /* SwapItTests.m */,
				3F58DEF71454AEE9006EC4F0 /* Supporting Files */,
			);
			path = SwapItTests;
			sourceTree = "<group>";
		};
		3F58DEF71454AEE9006EC4F0 /* Supporting Files */ = {
			isa = PBXGroup;
			children = (
				3F58DEF81454AEE9006EC4F0 /* SwapItTests-Info.plist */,
				3F58DEF91454AEE9006EC4F0 /* InfoPlist.strings */,
				3F58DEFC1454AEE9006EC4F0 /* SwapItTests-Prefix.pch */,
			);
			name = "Supporting Files";
			sourceTree = "<group>";
		};
/* End PBXGroup section */

/* Begin PBXNativeTarget section */
		3F58DED11454AEE8006EC4F0 /* SwapIt */ = {
			isa = PBXNativeTarget;
			buildConfigurationList = 3F58DF031454AEE9006EC4F0 /* Build configuration list for PBXNativeTarget "SwapIt" */;
			buildPhases = (
				3F58DECE1454AEE8006EC4F0 /* Sources */,
				3F58DECF1454AEE8006EC4F0 /* Frameworks */,
				3F58DED01454AEE8006EC4F0 /* Resources */,
			);
			buildRules = (
			);
			dependencies = (
			);
			name = SwapIt;
			productName = SwapIt;
			productReference = 3F58DED21454AEE8006EC4F0 /* SwapIt.app */;
			productType = "com.apple.product-type.application";
		};
		3F58DEEF1454AEE9006EC4F0 /* SwapItTests */ = {
			isa = PBXNativeTarget;
			buildConfigurationList = 3F58DF061454AEE9006EC4F0 /* Build configuration list for PBXNativeTarget "SwapItTests" */;
			buildPhases = (
				3F58DEEB1454AEE9006EC4F0 /* Sources */,
				3F58DEEC1454AEE9006EC4F0 /* Frameworks */,
				3F58DEED1454AEE9006EC4F0 /* Resources */,
				3F58DEEE1454AEE9006EC4F0 /* ShellScript */,
			);
			buildRules = (
			);
			dependencies = (
				3F58DEF51454AEE9006EC4F0 /* PBXTargetDependency */,
			);
			name = SwapItTests;
			productName = SwapItTests;
			productReference = 3F58DEF01454AEE9006EC4F0 /* SwapItTests.octest */;
			productType = "com.apple.product-type.bundle";
		};
/* End PBXNativeTarget section */

/* Begin PBXProject section */
		3F58DEC91454AEE8006EC4F0 /* Project object */ = {
			isa = PBXProject;
			buildConfigurationList = 3F58DECC1454AEE8006EC4F0 /* Build configuration list for PBXProject "SwapIt" */;
			compatibilityVersion = "Xcode 3.2";
			developmentRegion = English;
			hasScannedForEncodings = 0;
			knownRegions = (
				en,
			);
			mainGroup = 3F58DEC71454AEE8006EC4F0;
			productRefGroup = 3F58DED31454AEE8006EC4F0 /* Products */;
			projectDirPath = "";
			projectRoot = "";
			targets = (
				3F58DED11454AEE8006EC4F0 /* SwapIt */,
				3F58DEEF1454AEE9006EC4F0 /* SwapItTests */,
			);
		};
/* End PBXProject section */

/* Begin PBXResourcesBuildPhase section */
		3F58DED01454AEE8006EC4F0 /* Resources */ = {
			isa = PBXResourcesBuildPhase;
			buildActionMask = 2147483647;
			files = (
				3F58DEE11454AEE9006EC4F0 /* InfoPlist.strings in Resources */,
				3F58DEEA1454AEE9006EC4F0 /* MainWindow.xib in Resources */,
				3F58DF0D1454AF08006EC4F0 /* SplashViewController.xib in Resources */,
				3F58DF121454B133006EC4F0 /* MenuViewController.xib in Resources */,
				3F58DF171454B6F2006EC4F0 /* SettingsViewController.xib in Resources */,
				3F58DF1C1454C4B5006EC4F0 /* InstructionsViewController.xib in Resources */,
				3F58DF211454C5C3006EC4F0 /* HighScoresViewController.xib in Resources */,
				3F58DF261454C744006EC4F0 /* AboutViewController.xib in Resources */,
				3F58DF2B1454C961006EC4F0 /* NewGameController.xib in Resources */,
				3F58DF301454DDA7006EC4F0 /* GamePlayController.xib in Resources */,
				3F58DF321454DE39006EC4F0 /* test.jpg in Resources */,
			);
			runOnlyForDeploymentPostprocessing = 0;
		};
		3F58DEED1454AEE9006EC4F0 /* Resources */ = {
			isa = PBXResourcesBuildPhase;
			buildActionMask = 2147483647;
			files = (
				3F58DEFB1454AEE9006EC4F0 /* InfoPlist.strings in Resources */,
				3F58DEFE1454AEE9006EC4F0 /* SwapItTests.h in Resources */,
			);
			runOnlyForDeploymentPostprocessing = 0;
		};
/* End PBXResourcesBuildPhase section */

/* Begin PBXShellScriptBuildPhase section */
		3F58DEEE1454AEE9006EC4F0 /* ShellScript */ = {
			isa = PBXShellScriptBuildPhase;
			buildActionMask = 2147483647;
			files = (
			);
			inputPaths = (
			);
			outputPaths = (
			);
			runOnlyForDeploymentPostprocessing = 0;
			shellPath = /bin/sh;
			shellScript = "# Run the unit tests in this test bundle.\n\"${SYSTEM_DEVELOPER_DIR}/Tools/RunUnitTests\"\n";
		};
/* End PBXShellScriptBuildPhase section */

/* Begin PBXSourcesBuildPhase section */
		3F58DECE1454AEE8006EC4F0 /* Sources */ = {
			isa = PBXSourcesBuildPhase;
			buildActionMask = 2147483647;
			files = (
				3F58DEE41454AEE9006EC4F0 /* main.m in Sources */,
				3F58DEE71454AEE9006EC4F0 /* SwapItAppDelegate.m in Sources */,
				3F58DF0C1454AF08006EC4F0 /* SplashViewController.m in Sources */,
				3F58DF111454B133006EC4F0 /* MenuViewController.m in Sources */,
				3F58DF161454B6F2006EC4F0 /* SettingsViewController.m in Sources */,
				3F58DF1B1454C4B5006EC4F0 /* InstructionsViewController.m in Sources */,
				3F58DF201454C5C3006EC4F0 /* HighScoresViewController.m in Sources */,
				3F58DF251454C744006EC4F0 /* AboutViewController.m in Sources */,
				3F58DF2A1454C961006EC4F0 /* NewGameController.m in Sources */,
				3F58DF2F1454DDA7006EC4F0 /* GamePlayController.m in Sources */,
				3F58DF471454EE59006EC4F0 /* InGameView.m in Sources */,
			);
			runOnlyForDeploymentPostprocessing = 0;
		};
		3F58DEEB1454AEE9006EC4F0 /* Sources */ = {
			isa = PBXSourcesBuildPhase;
			buildActionMask = 2147483647;
			files = (
				3F58DF001454AEE9006EC4F0 /* SwapItTests.m in Sources */,
			);
			runOnlyForDeploymentPostprocessing = 0;
		};
/* End PBXSourcesBuildPhase section */

/* Begin PBXTargetDependency section */
		3F58DEF51454AEE9006EC4F0 /* PBXTargetDependency */ = {
			isa = PBXTargetDependency;
			target = 3F58DED11454AEE8006EC4F0 /* SwapIt */;
			targetProxy = 3F58DEF41454AEE9006EC4F0 /* PBXContainerItemProxy */;
		};
/* End PBXTargetDependency section */

/* Begin PBXVariantGroup section */
		3F58DEDF1454AEE9006EC4F0 /* InfoPlist.strings */ = {
			isa = PBXVariantGroup;
			children = (
				3F58DEE01454AEE9006EC4F0 /* en */,
			);
			name = InfoPlist.strings;
			sourceTree = "<group>";
		};
		3F58DEE81454AEE9006EC4F0 /* MainWindow.xib */ = {
			isa = PBXVariantGroup;
			children = (
				3F58DEE91454AEE9006EC4F0 /* en */,
			);
			name = MainWindow.xib;
			sourceTree = "<group>";
		};
		3F58DEF91454AEE9006EC4F0 /* InfoPlist.strings */ = {
			isa = PBXVariantGroup;
			children = (
				3F58DEFA1454AEE9006EC4F0 /* en */,
			);
			name = InfoPlist.strings;
			sourceTree = "<group>";
		};
/* End PBXVariantGroup section */

/* Begin XCBuildConfiguration section */
		3F58DF011454AEE9006EC4F0 /* Debug */ = {
			isa = XCBuildConfiguration;
			buildSettings = {
				ARCHS = "$(ARCHS_STANDARD_32_BIT)";
				"CODE_SIGN_IDENTITY[sdk=iphoneos*]" = "iPhone Developer";
				GCC_C_LANGUAGE_STANDARD = gnu99;
				GCC_OPTIMIZATION_LEVEL = 0;
				GCC_PREPROCESSOR_DEFINITIONS = DEBUG;
				GCC_SYMBOLS_PRIVATE_EXTERN = NO;
				GCC_VERSION = com.apple.compilers.llvmgcc42;
				GCC_WARN_ABOUT_RETURN_TYPE = YES;
				GCC_WARN_UNUSED_VARIABLE = YES;
				IPHONEOS_DEPLOYMENT_TARGET = 4.3;
				SDKROOT = iphoneos;
			};
			name = Debug;
		};
		3F58DF021454AEE9006EC4F0 /* Release */ = {
			isa = XCBuildConfiguration;
			buildSettings = {
				ARCHS = "$(ARCHS_STANDARD_32_BIT)";
				"CODE_SIGN_IDENTITY[sdk=iphoneos*]" = "iPhone Developer";
				GCC_C_LANGUAGE_STANDARD = gnu99;
				GCC_VERSION = com.apple.compilers.llvmgcc42;
				GCC_WARN_ABOUT_RETURN_TYPE = YES;
				GCC_WARN_UNUSED_VARIABLE = YES;
				IPHONEOS_DEPLOYMENT_TARGET = 4.3;
				OTHER_CFLAGS = "-DNS_BLOCK_ASSERTIONS=1";
				SDKROOT = iphoneos;
			};
			name = Release;
		};
		3F58DF041454AEE9006EC4F0 /* Debug */ = {
			isa = XCBuildConfiguration;
			buildSettings = {
				ALWAYS_SEARCH_USER_PATHS = NO;
				COPY_PHASE_STRIP = NO;
				GCC_DYNAMIC_NO_PIC = NO;
				GCC_PRECOMPILE_PREFIX_HEADER = YES;
				GCC_PREFIX_HEADER = "SwapIt/SwapIt-Prefix.pch";
				INFOPLIST_FILE = "SwapIt/SwapIt-Info.plist";
				PRODUCT_NAME = "$(TARGET_NAME)";
				WRAPPER_EXTENSION = app;
			};
			name = Debug;
		};
		3F58DF051454AEE9006EC4F0 /* Release */ = {
			isa = XCBuildConfiguration;
			buildSettings = {
				ALWAYS_SEARCH_USER_PATHS = NO;
				COPY_PHASE_STRIP = YES;
				GCC_PRECOMPILE_PREFIX_HEADER = YES;
				GCC_PREFIX_HEADER = "SwapIt/SwapIt-Prefix.pch";
				INFOPLIST_FILE = "SwapIt/SwapIt-Info.plist";
				PRODUCT_NAME = "$(TARGET_NAME)";
				VALIDATE_PRODUCT = YES;
				WRAPPER_EXTENSION = app;
			};
			name = Release;
		};
		3F58DF071454AEE9006EC4F0 /* Debug */ = {
			isa = XCBuildConfiguration;
			buildSettings = {
				ALWAYS_SEARCH_USER_PATHS = NO;
				BUNDLE_LOADER = "$(BUILT_PRODUCTS_DIR)/SwapIt.app/SwapIt";
				FRAMEWORK_SEARCH_PATHS = (
					"$(SDKROOT)/Developer/Library/Frameworks",
					"$(DEVELOPER_LIBRARY_DIR)/Frameworks",
				);
				GCC_PRECOMPILE_PREFIX_HEADER = YES;
				GCC_PREFIX_HEADER = "SwapItTests/SwapItTests-Prefix.pch";
				INFOPLIST_FILE = "SwapItTests/SwapItTests-Info.plist";
				OTHER_LDFLAGS = (
					"-framework",
					SenTestingKit,
				);
				PRODUCT_NAME = "$(TARGET_NAME)";
				TEST_HOST = "$(BUNDLE_LOADER)";
				WRAPPER_EXTENSION = octest;
			};
			name = Debug;
		};
		3F58DF081454AEE9006EC4F0 /* Release */ = {
			isa = XCBuildConfiguration;
			buildSettings = {
				ALWAYS_SEARCH_USER_PATHS = NO;
				BUNDLE_LOADER = "$(BUILT_PRODUCTS_DIR)/SwapIt.app/SwapIt";
				FRAMEWORK_SEARCH_PATHS = (
					"$(SDKROOT)/Developer/Library/Frameworks",
					"$(DEVELOPER_LIBRARY_DIR)/Frameworks",
				);
				GCC_PRECOMPILE_PREFIX_HEADER = YES;
				GCC_PREFIX_HEADER = "SwapItTests/SwapItTests-Prefix.pch";
				INFOPLIST_FILE = "SwapItTests/SwapItTests-Info.plist";
				OTHER_LDFLAGS = (
					"-framework",
					SenTestingKit,
				);
				PRODUCT_NAME = "$(TARGET_NAME)";
				TEST_HOST = "$(BUNDLE_LOADER)";
				WRAPPER_EXTENSION = octest;
			};
			name = Release;
		};
/* End XCBuildConfiguration section */

/* Begin XCConfigurationList section */
		3F58DECC1454AEE8006EC4F0 /* Build configuration list for PBXProject "SwapIt" */ = {
			isa = XCConfigurationList;
			buildConfigurations = (
				3F58DF011454AEE9006EC4F0 /* Debug */,
				3F58DF021454AEE9006EC4F0 /* Release */,
			);
			defaultConfigurationIsVisible = 0;
			defaultConfigurationName = Release;
		};
		3F58DF031454AEE9006EC4F0 /* Build configuration list for PBXNativeTarget "SwapIt" */ = {
			isa = XCConfigurationList;
			buildConfigurations = (
				3F58DF041454AEE9006EC4F0 /* Debug */,
				3F58DF051454AEE9006EC4F0 /* Release */,
			);
			defaultConfigurationIsVisible = 0;
		};
		3F58DF061454AEE9006EC4F0 /* Build configuration list for PBXNativeTarget "SwapItTests" */ = {
			isa = XCConfigurationList;
			buildConfigurations = (
				3F58DF071454AEE9006EC4F0 /* Debug */,
				3F58DF081454AEE9006EC4F0 /* Release */,
			);
			defaultConfigurationIsVisible = 0;
		};
/* End XCConfigurationList section */
	};
	rootObject = 3F58DEC91454AEE8006EC4F0 /* Project object */;
}
